
Microsoft Visual Studio Solution File, Format Version 12.00
# Visual Studio Version 16
VisualStudioVersion = 16.0.30517.126
MinimumVisualStudioVersion = 10.0.40219.1
Project("{FAE04EC0-301F-11D3-BF4B-00C04F79EFBC}") = "FindMaximumGenerics", "FindMaximumGenerics\FindMaximumGenerics.csproj", "{61AFBB2C-AD8C-44BE-A179-04C311CFE215}"
EndProject
Project("{FAE04EC0-301F-11D3-BF4B-00C04F79EFBC}") = "FindMaximumGenericsTest", "FindMaximumGenericsTest\FindMaximumGenericsTest.csproj", "{ECB3FB3F-3D08-4C8F-A471-76CECAC41A2D}"
EndProject
Global
	GlobalSection(SolutionConfigurationPlatforms) = preSolution
		Debug|Any CPU = Debug|Any CPU
		Release|Any CPU = Release|Any CPU
	EndGlobalSection
	GlobalSection(ProjectConfigurationPlatforms) = postSolution
		{61AFBB2C-AD8C-44BE-A179-04C311CFE215}.Debug|Any CPU.ActiveCfg = Debug|Any CPU
		{61AFBB2C-AD8C-44BE-A179-04C311CFE215}.Debug|Any CPU.Build.0 = Debug|Any CPU
		{61AFBB2C-AD8C-44BE-A179-04C311CFE215}.Release|Any CPU.ActiveCfg = Release|Any CPU
		{61AFBB2C-AD8C-44BE-A179-04C311CFE215}.Release|Any CPU.Build.0 = Release|Any CPU
		{ECB3FB3F-3D08-4C8F-A471-76CECAC41A2D}.Debug|Any CPU.ActiveCfg = Debug|Any CPU
		{ECB3FB3F-3D08-4C8F-A471-76CECAC41A2D}.Debug|Any CPU.Build.0 = Debug|Any CPU
		{ECB3FB3F-3D08-4C8F-A471-76CECAC41A2D}.Release|Any CPU.ActiveCfg = Release|Any CPU
		{ECB3FB3F-3D08-4C8F-A471-76CECAC41A2D}.Release|Any CPU.Build.0 = Release|Any CPU
	EndGlobalSection
	GlobalSection(SolutionProperties) = preSolution
		HideSolutionNode = FALSE
	EndGlobalSection
	GlobalSection(ExtensibilityGlobals) = postSolution
		SolutionGuid = {DE2CBC9F-7EE7-4C5B-B46E-DB88C8D8C765}
	EndGlobalSection
EndGlobal
